
Microsoft Visual Studio Solution File, Format Version 12.00
# Visual Studio Version 17
VisualStudioVersion = 17.13.35931.197 d17.13
MinimumVisualStudioVersion = 10.0.40219.1
Project("{FAE04EC0-301F-11D3-BF4B-00C04F79EFBC}") = "VizsgajegyAPI", "VizsgajegyAPI\VizsgajegyAPI.csproj", "{CC3CCE30-FAE0-4121-A146-1D464C29E209}"
EndProject
Global
	GlobalSection(SolutionConfigurationPlatforms) = preSolution
		Debug|Any CPU = Debug|Any CPU
		Release|Any CPU = Release|Any CPU
	EndGlobalSection
	GlobalSection(ProjectConfigurationPlatforms) = postSolution
		{CC3CCE30-FAE0-4121-A146-1D464C29E209}.Debug|Any CPU.ActiveCfg = Debug|Any CPU
		{CC3CCE30-FAE0-4121-A146-1D464C29E209}.Debug|Any CPU.Build.0 = Debug|Any CPU
		{CC3CCE30-FAE0-4121-A146-1D464C29E209}.Release|Any CPU.ActiveCfg = Release|Any CPU
		{CC3CCE30-FAE0-4121-A146-1D464C29E209}.Release|Any CPU.Build.0 = Release|Any CPU
	EndGlobalSection
	GlobalSection(SolutionProperties) = preSolution
		HideSolutionNode = FALSE
	EndGlobalSection
	GlobalSection(ExtensibilityGlobals) = postSolution
		SolutionGuid = {7734D44C-C526-4A06-BE86-61C26DB7DD28}
	EndGlobalSection
EndGlobal
